
Microsoft Visual Studio Solution File, Format Version 12.00
# Visual Studio Version 16
VisualStudioVersion = 16.0.30611.23
MinimumVisualStudioVersion = 10.0.40219.1
Project("{FAE04EC0-301F-11D3-BF4B-00C04F79EFBC}") = "RgPopupDemo.Android", "RgPopupDemo\RgPopupDemo.Android\RgPopupDemo.Android.csproj", "{8070DF6D-0B68-4189-8451-767088502C0A}"
EndProject
Project("{FAE04EC0-301F-11D3-BF4B-00C04F79EFBC}") = "RgPopupDemo.iOS", "RgPopupDemo\RgPopupDemo.iOS\RgPopupDemo.iOS.csproj", "{CD0C4347-5305-42D9-9593-44D02AA045FA}"
EndProject
Project("{FAE04EC0-301F-11D3-BF4B-00C04F79EFBC}") = "RgPopupDemo", "RgPopupDemo\RgPopupDemo\RgPopupDemo.csproj", "{23A108E7-816B-4B5E-8956-A3E27112C672}"
EndProject
Global
	GlobalSection(SolutionConfigurationPlatforms) = preSolution
		Debug|Any CPU = Debug|Any CPU
		Debug|iPhone = Debug|iPhone
		Debug|iPhoneSimulator = Debug|iPhoneSimulator
		Release|Any CPU = Release|Any CPU
		Release|iPhone = Release|iPhone
		Release|iPhoneSimulator = Release|iPhoneSimulator
	EndGlobalSection
	GlobalSection(ProjectConfigurationPlatforms) = postSolution
		{8070DF6D-0B68-4189-8451-767088502C0A}.Debug|Any CPU.ActiveCfg = Debug|Any CPU
		{8070DF6D-0B68-4189-8451-767088502C0A}.Debug|Any CPU.Build.0 = Debug|Any CPU
		{8070DF6D-0B68-4189-8451-767088502C0A}.Debug|Any CPU.Deploy.0 = Debug|Any CPU
		{8070DF6D-0B68-4189-8451-767088502C0A}.Debug|iPhone.ActiveCfg = Debug|Any CPU
		{8070DF6D-0B68-4189-8451-767088502C0A}.Debug|iPhone.Build.0 = Debug|Any CPU
		{8070DF6D-0B68-4189-8451-767088502C0A}.Debug|iPhone.Deploy.0 = Debug|Any CPU
		{8070DF6D-0B68-4189-8451-767088502C0A}.Debug|iPhoneSimulator.ActiveCfg = Debug|Any CPU
		{8070DF6D-0B68-4189-8451-767088502C0A}.Debug|iPhoneSimulator.Build.0 = Debug|Any CPU
		{8070DF6D-0B68-4189-8451-767088502C0A}.Debug|iPhoneSimulator.Deploy.0 = Debug|Any CPU
		{8070DF6D-0B68-4189-8451-767088502C0A}.Release|Any CPU.ActiveCfg = Release|Any CPU
		{8070DF6D-0B68-4189-8451-767088502C0A}.Release|Any CPU.Build.0 = Release|Any CPU
		{8070DF6D-0B68-4189-8451-767088502C0A}.Release|Any CPU.Deploy.0 = Release|Any CPU
		{8070DF6D-0B68-4189-8451-767088502C0A}.Release|iPhone.ActiveCfg = Release|Any CPU
		{8070DF6D-0B68-4189-8451-767088502C0A}.Release|iPhone.Build.0 = Release|Any CPU
		{8070DF6D-0B68-4189-8451-767088502C0A}.Release|iPhone.Deploy.0 = Release|Any CPU
		{8070DF6D-0B68-4189-8451-767088502C0A}.Release|iPhoneSimulator.ActiveCfg = Release|Any CPU
		{8070DF6D-0B68-4189-8451-767088502C0A}.Release|iPhoneSimulator.Build.0 = Release|Any CPU
		{8070DF6D-0B68-4189-8451-767088502C0A}.Release|iPhoneSimulator.Deploy.0 = Release|Any CPU
		{CD0C4347-5305-42D9-9593-44D02AA045FA}.Debug|Any CPU.ActiveCfg = Debug|iPhone
		{CD0C4347-5305-42D9-9593-44D02AA045FA}.Debug|Any CPU.Build.0 = Debug|iPhone
		{CD0C4347-5305-42D9-9593-44D02AA045FA}.Debug|Any CPU.Deploy.0 = Debug|iPhone
		{CD0C4347-5305-42D9-9593-44D02AA045FA}.Debug|iPhone.ActiveCfg = Debug|iPhone
		{CD0C4347-5305-42D9-9593-44D02AA045FA}.Debug|iPhone.Build.0 = Debug|iPhone
		{CD0C4347-5305-42D9-9593-44D02AA045FA}.Debug|iPhone.Deploy.0 = Debug|iPhone
		{CD0C4347-5305-42D9-9593-44D02AA045FA}.Debug|iPhoneSimulator.ActiveCfg = Debug|iPhoneSimulator
		{CD0C4347-5305-42D9-9593-44D02AA045FA}.Debug|iPhoneSimulator.Build.0 = Debug|iPhoneSimulator
		{CD0C4347-5305-42D9-9593-44D02AA045FA}.Debug|iPhoneSimulator.Deploy.0 = Debug|iPhoneSimulator
		{CD0C4347-5305-42D9-9593-44D02AA045FA}.Release|Any CPU.ActiveCfg = Release|iPhoneSimulator
		{CD0C4347-5305-42D9-9593-44D02AA045FA}.Release|Any CPU.Build.0 = Release|iPhoneSimulator
		{CD0C4347-5305-42D9-9593-44D02AA045FA}.Release|Any CPU.Deploy.0 = Release|iPhoneSimulator
		{CD0C4347-5305-42D9-9593-44D02AA045FA}.Release|iPhone.ActiveCfg = Release|iPhone
		{CD0C4347-5305-42D9-9593-44D02AA045FA}.Release|iPhone.Build.0 = Release|iPhone
		{CD0C4347-5305-42D9-9593-44D02AA045FA}.Release|iPhone.Deploy.0 = Release|iPhone
		{CD0C4347-5305-42D9-9593-44D02AA045FA}.Release|iPhoneSimulator.ActiveCfg = Release|iPhoneSimulator
		{CD0C4347-5305-42D9-9593-44D02AA045FA}.Release|iPhoneSimulator.Build.0 = Release|iPhoneSimulator
		{CD0C4347-5305-42D9-9593-44D02AA045FA}.Release|iPhoneSimulator.Deploy.0 = Release|iPhoneSimulator
		{23A108E7-816B-4B5E-8956-A3E27112C672}.Debug|Any CPU.ActiveCfg = Debug|Any CPU
		{23A108E7-816B-4B5E-8956-A3E27112C672}.Debug|Any CPU.Build.0 = Debug|Any CPU
		{23A108E7-816B-4B5E-8956-A3E27112C672}.Debug|Any CPU.Deploy.0 = Debug|Any CPU
		{23A108E7-816B-4B5E-8956-A3E27112C672}.Debug|iPhone.ActiveCfg = Debug|Any CPU
		{23A108E7-816B-4B5E-8956-A3E27112C672}.Debug|iPhone.Build.0 = Debug|Any CPU
		{23A108E7-816B-4B5E-8956-A3E27112C672}.Debug|iPhone.Deploy.0 = Debug|Any CPU
		{23A108E7-816B-4B5E-8956-A3E27112C672}.Debug|iPhoneSimulator.ActiveCfg = Debug|Any CPU
		{23A108E7-816B-4B5E-8956-A3E27112C672}.Debug|iPhoneSimulator.Build.0 = Debug|Any CPU
		{23A108E7-816B-4B5E-8956-A3E27112C672}.Debug|iPhoneSimulator.Deploy.0 = Debug|Any CPU
		{23A108E7-816B-4B5E-8956-A3E27112C672}.Release|Any CPU.ActiveCfg = Release|Any CPU
		{23A108E7-816B-4B5E-8956-A3E27112C672}.Release|Any CPU.Build.0 = Release|Any CPU
		{23A108E7-816B-4B5E-8956-A3E27112C672}.Release|Any CPU.Deploy.0 = Release|Any CPU
		{23A108E7-816B-4B5E-8956-A3E27112C672}.Release|iPhone.ActiveCfg = Release|Any CPU
		{23A108E7-816B-4B5E-8956-A3E27112C672}.Release|iPhone.Build.0 = Release|Any CPU
		{23A108E7-816B-4B5E-8956-A3E27112C672}.Release|iPhone.Deploy.0 = Release|Any CPU
		{23A108E7-816B-4B5E-8956-A3E27112C672}.Release|iPhoneSimulator.ActiveCfg = Release|Any CPU
		{23A108E7-816B-4B5E-8956-A3E27112C672}.Release|iPhoneSimulator.Build.0 = Release|Any CPU
		{23A108E7-816B-4B5E-8956-A3E27112C672}.Release|iPhoneSimulator.Deploy.0 = Release|Any CPU
	EndGlobalSection
	GlobalSection(SolutionProperties) = preSolution
		HideSolutionNode = FALSE
	EndGlobalSection
	GlobalSection(ExtensibilityGlobals) = postSolution
		SolutionGuid = {B789497F-7846-4F41-A06F-1764335C074F}
	EndGlobalSection
EndGlobal
